
Microsoft Visual Studio Solution File, Format Version 12.00
# Visual Studio Version 17
VisualStudioVersion = 17.4.33213.308
MinimumVisualStudioVersion = 10.0.40219.1
Project("{FAE04EC0-301F-11D3-BF4B-00C04F79EFBC}") = "MySelect2", "WebApplication1\MySelect2.csproj", "{98D1FA64-DEB2-4258-8210-B0C224A09904}"
EndProject
Global
	GlobalSection(SolutionConfigurationPlatforms) = preSolution
		Debug|Any CPU = Debug|Any CPU
		Release|Any CPU = Release|Any CPU
	EndGlobalSection
	GlobalSection(ProjectConfigurationPlatforms) = postSolution
		{98D1FA64-DEB2-4258-8210-B0C224A09904}.Debug|Any CPU.ActiveCfg = Debug|Any CPU
		{98D1FA64-DEB2-4258-8210-B0C224A09904}.Debug|Any CPU.Build.0 = Debug|Any CPU
		{98D1FA64-DEB2-4258-8210-B0C224A09904}.Release|Any CPU.ActiveCfg = Release|Any CPU
		{98D1FA64-DEB2-4258-8210-B0C224A09904}.Release|Any CPU.Build.0 = Release|Any CPU
	EndGlobalSection
	GlobalSection(SolutionProperties) = preSolution
		HideSolutionNode = FALSE
	EndGlobalSection
	GlobalSection(ExtensibilityGlobals) = postSolution
		SolutionGuid = {BFE4C1C1-8BAF-419B-BFCD-E7AFB2687B41}
	EndGlobalSection
EndGlobal
